
Microsoft Visual Studio Solution File, Format Version 12.00
# Visual Studio Version 17
VisualStudioVersion = 17.5.002.0
MinimumVisualStudioVersion = 10.0.40219.1
Project("{9A19103F-16F7-4668-BE54-9A1E7A4F7556}") = "DesignMode", "DesignMode.csproj", "{2E1C1448-5288-469F-B8FD-DD5BD9C3FE20}"
EndProject
Global
	GlobalSection(SolutionConfigurationPlatforms) = preSolution
		Debug|Any CPU = Debug|Any CPU
		Release|Any CPU = Release|Any CPU
	EndGlobalSection
	GlobalSection(ProjectConfigurationPlatforms) = postSolution
		{2E1C1448-5288-469F-B8FD-DD5BD9C3FE20}.Debug|Any CPU.ActiveCfg = Debug|Any CPU
		{2E1C1448-5288-469F-B8FD-DD5BD9C3FE20}.Debug|Any CPU.Build.0 = Debug|Any CPU
		{2E1C1448-5288-469F-B8FD-DD5BD9C3FE20}.Release|Any CPU.ActiveCfg = Release|Any CPU
		{2E1C1448-5288-469F-B8FD-DD5BD9C3FE20}.Release|Any CPU.Build.0 = Release|Any CPU
	EndGlobalSection
	GlobalSection(SolutionProperties) = preSolution
		HideSolutionNode = FALSE
	EndGlobalSection
	GlobalSection(ExtensibilityGlobals) = postSolution
		SolutionGuid = {09329A32-F852-4D0B-8BC2-86E9AF31F250}
	EndGlobalSection
EndGlobal
